
Microsoft Visual Studio Solution File, Format Version 12.00
# Visual Studio Version 17
VisualStudioVersion = 17.3.32708.82
MinimumVisualStudioVersion = 10.0.40219.1
Project("{9A19103F-16F7-4668-BE54-9A1E7A4F7556}") = "CreateMatrix", "CreateMatrix\CreateMatrix.csproj", "{71CFB3CE-153B-4B61-975D-9FDE9ECD4136}"
EndProject
Project("{2150E333-8FDC-42A3-9474-1A3956D46DE8}") = "Solution Items", "Solution Items", "{21DEDE24-A4F8-4211-B236-8C65DBA201F2}"
	ProjectSection(SolutionItems) = preProject
		.dockerignore = .dockerignore
		.gitignore = .gitignore
		HubREADME.md = HubREADME.md
		LICENSE = LICENSE
		README.md = README.md
		version.json = version.json
	EndProjectSection
EndProject
Project("{2150E333-8FDC-42A3-9474-1A3956D46DE8}") = "Make", "Make", "{486D3D04-33A6-4311-9E86-A8FFD8610330}"
	ProjectSection(SolutionItems) = preProject
		Make\base-entrypoint.docker = Make\base-entrypoint.docker
		Make\base-lsio.docker = Make\base-lsio.docker
		Make\body-entrypoint.docker = Make\body-entrypoint.docker
		Make\body-lsio.docker = Make\body-lsio.docker
		Make\body.docker = Make\body.docker
		Make\Down-develop.sh = Make\Down-develop.sh
		Make\Down.sh = Make\Down.sh
		Make\DWSpectrum-LSIO.m4 = Make\DWSpectrum-LSIO.m4
		Make\dwspectrum.docker = Make\dwspectrum.docker
		Make\DWSpectrum.m4 = Make\DWSpectrum.m4
		Make\Makefile = Make\Makefile
		Make\Matrix.json = Make\Matrix.json
		Make\NxMeta-LSIO.m4 = Make\NxMeta-LSIO.m4
		Make\nxmeta.docker = Make\nxmeta.docker
		Make\NxMeta.m4 = Make\NxMeta.m4
		Make\NxWitness-LSIO.m4 = Make\NxWitness-LSIO.m4
		Make\nxwitness.docker = Make\nxwitness.docker
		Make\NxWitness.m4 = Make\NxWitness.m4
		Make\Test-develop.yml = Make\Test-develop.yml
		Make\Test.yml = Make\Test.yml
		Make\Up-develop.sh = Make\Up-develop.sh
		Make\Up.sh = Make\Up.sh
		Make\Version.json = Make\Version.json
	EndProjectSection
EndProject
Project("{2150E333-8FDC-42A3-9474-1A3956D46DE8}") = "GitHub", "GitHub", "{10ABF282-6EE6-4EEB-A922-7246BA5E0B1B}"
EndProject
Project("{2150E333-8FDC-42A3-9474-1A3956D46DE8}") = "IssueTemplate", "IssueTemplate", "{BD6D83D6-C1C8-4DB3-818C-B06608BE7D72}"
	ProjectSection(SolutionItems) = preProject
		.github\ISSUE_TEMPLATE\bug_report.md = .github\ISSUE_TEMPLATE\bug_report.md
		.github\ISSUE_TEMPLATE\config.yml = .github\ISSUE_TEMPLATE\config.yml
	EndProjectSection
EndProject
Project("{2150E333-8FDC-42A3-9474-1A3956D46DE8}") = "Actions", "Actions", "{7616F2DB-88DE-4219-9544-76C8750ECF99}"
	ProjectSection(SolutionItems) = preProject
		.github\workflows\BuildPublishPipeline.yml = .github\workflows\BuildPublishPipeline.yml
		.github\dependabot.yml = .github\dependabot.yml
		.github\workflows\DockerHubDescription.yml = .github\workflows\DockerHubDescription.yml
	EndProjectSection
EndProject
Project("{2150E333-8FDC-42A3-9474-1A3956D46DE8}") = "Docker", "Docker", "{7D1EA36A-E59A-4144-9014-D5ABFE44C432}"
	ProjectSection(SolutionItems) = preProject
		Docker\download.sh = Docker\download.sh
		Docker\DWSpectrum-LSIO.Dockerfile = Docker\DWSpectrum-LSIO.Dockerfile
		Docker\DWSpectrum.Dockerfile = Docker\DWSpectrum.Dockerfile
		Docker\entrypoint.sh = Docker\entrypoint.sh
		Docker\NxMeta-LSIO.Dockerfile = Docker\NxMeta-LSIO.Dockerfile
		Docker\NxMeta.Dockerfile = Docker\NxMeta.Dockerfile
		Docker\NxWitness-LSIO.Dockerfile = Docker\NxWitness-LSIO.Dockerfile
		Docker\NxWitness.Dockerfile = Docker\NxWitness.Dockerfile
	EndProjectSection
EndProject
Project("{9A19103F-16F7-4668-BE54-9A1E7A4F7556}") = "CreateMatrixTests", "CreateMatrixTests\CreateMatrixTests.csproj", "{2524A282-16D8-44FD-8704-40548C96A5C3}"
EndProject
Global
	GlobalSection(SolutionConfigurationPlatforms) = preSolution
		Debug|Any CPU = Debug|Any CPU
		Release|Any CPU = Release|Any CPU
	EndGlobalSection
	GlobalSection(ProjectConfigurationPlatforms) = postSolution
		{71CFB3CE-153B-4B61-975D-9FDE9ECD4136}.Debug|Any CPU.ActiveCfg = Debug|Any CPU
		{71CFB3CE-153B-4B61-975D-9FDE9ECD4136}.Debug|Any CPU.Build.0 = Debug|Any CPU
		{71CFB3CE-153B-4B61-975D-9FDE9ECD4136}.Release|Any CPU.ActiveCfg = Release|Any CPU
		{71CFB3CE-153B-4B61-975D-9FDE9ECD4136}.Release|Any CPU.Build.0 = Release|Any CPU
		{2524A282-16D8-44FD-8704-40548C96A5C3}.Debug|Any CPU.ActiveCfg = Debug|Any CPU
		{2524A282-16D8-44FD-8704-40548C96A5C3}.Debug|Any CPU.Build.0 = Debug|Any CPU
		{2524A282-16D8-44FD-8704-40548C96A5C3}.Release|Any CPU.ActiveCfg = Release|Any CPU
		{2524A282-16D8-44FD-8704-40548C96A5C3}.Release|Any CPU.Build.0 = Release|Any CPU
	EndGlobalSection
	GlobalSection(SolutionProperties) = preSolution
		HideSolutionNode = FALSE
	EndGlobalSection
	GlobalSection(NestedProjects) = preSolution
		{BD6D83D6-C1C8-4DB3-818C-B06608BE7D72} = {10ABF282-6EE6-4EEB-A922-7246BA5E0B1B}
		{7616F2DB-88DE-4219-9544-76C8750ECF99} = {10ABF282-6EE6-4EEB-A922-7246BA5E0B1B}
	EndGlobalSection
	GlobalSection(ExtensibilityGlobals) = postSolution
		SolutionGuid = {28814DBB-DA00-4151-AE21-41A4146A6B7E}
	EndGlobalSection
EndGlobal
